
Microsoft Visual Studio Solution File, Format Version 12.00
# Visual Studio Version 17
VisualStudioVersion = 17.9.34622.214
MinimumVisualStudioVersion = 10.0.40219.1
Project("{FAE04EC0-301F-11D3-BF4B-00C04F79EFBC}") = "EEI_CRM", "EEI_CRM.csproj", "{A6F254F6-2E04-4B68-9A99-37EBCB73A495}"
EndProject
Global
	GlobalSection(SolutionConfigurationPlatforms) = preSolution
		Debug|Any CPU = Debug|Any CPU
		Release|Any CPU = Release|Any CPU
	EndGlobalSection
	GlobalSection(ProjectConfigurationPlatforms) = postSolution
		{A6F254F6-2E04-4B68-9A99-37EBCB73A495}.Debug|Any CPU.ActiveCfg = Debug|Any CPU
		{A6F254F6-2E04-4B68-9A99-37EBCB73A495}.Debug|Any CPU.Build.0 = Debug|Any CPU
		{A6F254F6-2E04-4B68-9A99-37EBCB73A495}.Release|Any CPU.ActiveCfg = Release|Any CPU
		{A6F254F6-2E04-4B68-9A99-37EBCB73A495}.Release|Any CPU.Build.0 = Release|Any CPU
	EndGlobalSection
	GlobalSection(SolutionProperties) = preSolution
		HideSolutionNode = FALSE
	EndGlobalSection
	GlobalSection(ExtensibilityGlobals) = postSolution
		SolutionGuid = {E0A66679-2E0F-4F03-9349-5FCC70FC36E9}
	EndGlobalSection
EndGlobal
